
Microsoft Visual Studio Solution File, Format Version 12.00
# Visual Studio Version 17
VisualStudioVersion = 17.12.35527.113 d17.12
MinimumVisualStudioVersion = 10.0.40219.1
Project("{FAE04EC0-301F-11D3-BF4B-00C04F79EFBC}") = "Troca de tela", "Troca de tela.csproj", "{DDDDD4D0-7754-4305-B70E-252CC8F67D92}"
EndProject
Global
	GlobalSection(SolutionConfigurationPlatforms) = preSolution
		Debug|Any CPU = Debug|Any CPU
		Release|Any CPU = Release|Any CPU
	EndGlobalSection
	GlobalSection(ProjectConfigurationPlatforms) = postSolution
		{DDDDD4D0-7754-4305-B70E-252CC8F67D92}.Debug|Any CPU.ActiveCfg = Debug|Any CPU
		{DDDDD4D0-7754-4305-B70E-252CC8F67D92}.Debug|Any CPU.Build.0 = Debug|Any CPU
		{DDDDD4D0-7754-4305-B70E-252CC8F67D92}.Release|Any CPU.ActiveCfg = Release|Any CPU
		{DDDDD4D0-7754-4305-B70E-252CC8F67D92}.Release|Any CPU.Build.0 = Release|Any CPU
	EndGlobalSection
	GlobalSection(SolutionProperties) = preSolution
		HideSolutionNode = FALSE
	EndGlobalSection
EndGlobal
